// !$*UTF8*$!
{
	archiveVersion = 1;
	classes = {
	};
	objectVersion = 77;
	objects = {

/* Begin PBXBuildFile section */
		DF138DB52DAE4D210050E6EA /* FirebaseAnalytics in Frameworks */ = {isa = PBXBuildFile; productRef = DF138DB42DAE4D210050E6EA /* FirebaseAnalytics */; };
		DF138DB72DAE4D210050E6EA /* FirebaseAuth in Frameworks */ = {isa = PBXBuildFile; productRef = DF138DB62DAE4D210050E6EA /* FirebaseAuth */; };
		DF138DB92DAE4D210050E6EA /* FirebaseCore in Frameworks */ = {isa = PBXBuildFile; productRef = DF138DB82DAE4D210050E6EA /* FirebaseCore */; };
		DF138DBB2DAE4D210050E6EA /* FirebaseCrashlytics in Frameworks */ = {isa = PBXBuildFile; productRef = DF138DBA2DAE4D210050E6EA /* FirebaseCrashlytics */; };
		DF138DBD2DAE4D210050E6EA /* FirebaseFirestore in Frameworks */ = {isa = PBXBuildFile; productRef = DF138DBC2DAE4D210050E6EA /* FirebaseFirestore */; };
		DF138DBF2DAE4D210050E6EA /* FirebaseMessaging in Frameworks */ = {isa = PBXBuildFile; productRef = DF138DBE2DAE4D210050E6EA /* FirebaseMessaging */; };
		DF138DC12DAE4D210050E6EA /* FirebaseStorage in Frameworks */ = {isa = PBXBuildFile; productRef = DF138DC02DAE4D210050E6EA /* FirebaseStorage */; };
/* End PBXBuildFile section */

/* Begin PBXContainerItemProxy section */
		DFE67A212D9D02D2004ED145 /* PBXContainerItemProxy */ = {
			isa = PBXContainerItemProxy;
			containerPortal = DFE67A0B2D9D02D0004ED145 /* Project object */;
			proxyType = 1;
			remoteGlobalIDString = DFE67A122D9D02D1004ED145;
			remoteInfo = NFG;
		};
		DFE67A2B2D9D02D2004ED145 /* PBXContainerItemProxy */ = {
			isa = PBXContainerItemProxy;
			containerPortal = DFE67A0B2D9D02D0004ED145 /* Project object */;
			proxyType = 1;
			remoteGlobalIDString = DFE67A122D9D02D1004ED145;
			remoteInfo = NFG;
		};
/* End PBXContainerItemProxy section */

/* Begin PBXFileReference section */
		DFE67A132D9D02D1004ED145 /* NFG.app */ = {isa = PBXFileReference; explicitFileType = wrapper.application; includeInIndex = 0; path = NFG.app; sourceTree = BUILT_PRODUCTS_DIR; };
		DFE67A202D9D02D2004ED145 /* NFGTests.xctest */ = {isa = PBXFileReference; explicitFileType = wrapper.cfbundle; includeInIndex = 0; path = NFGTests.xctest; sourceTree = BUILT_PRODUCTS_DIR; };
		DFE67A2A2D9D02D2004ED145 /* NFGUITests.xctest */ = {isa = PBXFileReference; explicitFileType = wrapper.cfbundle; includeInIndex = 0; path = NFGUITests.xctest; sourceTree = BUILT_PRODUCTS_DIR; };
/* End PBXFileReference section */

/* Begin PBXFileSystemSynchronizedRootGroup section */
		DFE67A152D9D02D1004ED145 /* NFG */ = {
			isa = PBXFileSystemSynchronizedRootGroup;
			path = NFG;
			sourceTree = "<group>";
		};
		DFE67A232D9D02D2004ED145 /* NFGTests */ = {
			isa = PBXFileSystemSynchronizedRootGroup;
			path = NFGTests;
			sourceTree = "<group>";
		};
		DFE67A2D2D9D02D2004ED145 /* NFGUITests */ = {
			isa = PBXFileSystemSynchronizedRootGroup;
			path = NFGUITests;
			sourceTree = "<group>";
		};
/* End PBXFileSystemSynchronizedRootGroup section */

/* Begin PBXFrameworksBuildPhase section */
		DFE67A102D9D02D1004ED145 /* Frameworks */ = {
			isa = PBXFrameworksBuildPhase;
			buildActionMask = 2147483647;
			files = (
				DF138DBF2DAE4D210050E6EA /* FirebaseMessaging in Frameworks */,
				DF138DB52DAE4D210050E6EA /* FirebaseAnalytics in Frameworks */,
				DF138DBB2DAE4D210050E6EA /* FirebaseCrashlytics in Frameworks */,
				DF138DB92DAE4D210050E6EA /* FirebaseCore in Frameworks */,
				DF138DC12DAE4D210050E6EA /* FirebaseStorage in Frameworks */,
				DF138DBD2DAE4D210050E6EA /* FirebaseFirestore in Frameworks */,
				DF138DB72DAE4D210050E6EA /* FirebaseAuth in Frameworks */,
			);
			runOnlyForDeploymentPostprocessing = 0;
		};
		DFE67A1D2D9D02D2004ED145 /* Frameworks */ = {
			isa = PBXFrameworksBuildPhase;
			buildActionMask = 2147483647;
			files = (
			);
			runOnlyForDeploymentPostprocessing = 0;
		};
		DFE67A272D9D02D2004ED145 /* Frameworks */ = {
			isa = PBXFrameworksBuildPhase;
			buildActionMask = 2147483647;
			files = (
			);
			runOnlyForDeploymentPostprocessing = 0;
		};
/* End PBXFrameworksBuildPhase section */

/* Begin PBXGroup section */
		DFE67A0A2D9D02D0004ED145 = {
			isa = PBXGroup;
			children = (
				DFE67A152D9D02D1004ED145 /* NFG */,
				DFE67A232D9D02D2004ED145 /* NFGTests */,
				DFE67A2D2D9D02D2004ED145 /* NFGUITests */,
				DFE67A142D9D02D1004ED145 /* Products */,
			);
			sourceTree = "<group>";
		};
		DFE67A142D9D02D1004ED145 /* Products */ = {
			isa = PBXGroup;
			children = (
				DFE67A132D9D02D1004ED145 /* NFG.app */,
				DFE67A202D9D02D2004ED145 /* NFGTests.xctest */,
				DFE67A2A2D9D02D2004ED145 /* NFGUITests.xctest */,
			);
			name = Products;
			sourceTree = "<group>";
		};
/* End PBXGroup section */

/* Begin PBXNativeTarget section */
		DFE67A122D9D02D1004ED145 /* NFG */ = {
			isa = PBXNativeTarget;
			buildConfigurationList = DFE67A342D9D02D2004ED145 /* Build configuration list for PBXNativeTarget "NFG" */;
			buildPhases = (
				DFE67A0F2D9D02D1004ED145 /* Sources */,
				DFE67A102D9D02D1004ED145 /* Frameworks */,
				DFE67A112D9D02D1004ED145 /* Resources */,
			);
			buildRules = (
			);
			dependencies = (
			);
			fileSystemSynchronizedGroups = (
				DFE67A152D9D02D1004ED145 /* NFG */,
			);
			name = NFG;
			packageProductDependencies = (
				DF138DB42DAE4D210050E6EA /* FirebaseAnalytics */,
				DF138DB62DAE4D210050E6EA /* FirebaseAuth */,
				DF138DB82DAE4D210050E6EA /* FirebaseCore */,
				DF138DBA2DAE4D210050E6EA /* FirebaseCrashlytics */,
				DF138DBC2DAE4D210050E6EA /* FirebaseFirestore */,
				DF138DBE2DAE4D210050E6EA /* FirebaseMessaging */,
				DF138DC02DAE4D210050E6EA /* FirebaseStorage */,
			);
			productName = NFG;
			productReference = DFE67A132D9D02D1004ED145 /* NFG.app */;
			productType = "com.apple.product-type.application";
		};
		DFE67A1F2D9D02D2004ED145 /* NFGTests */ = {
			isa = PBXNativeTarget;
			buildConfigurationList = DFE67A372D9D02D2004ED145 /* Build configuration list for PBXNativeTarget "NFGTests" */;
			buildPhases = (
				DFE67A1C2D9D02D2004ED145 /* Sources */,
				DFE67A1D2D9D02D2004ED145 /* Frameworks */,
				DFE67A1E2D9D02D2004ED145 /* Resources */,
			);
			buildRules = (
			);
			dependencies = (
				DFE67A222D9D02D2004ED145 /* PBXTargetDependency */,
			);
			fileSystemSynchronizedGroups = (
				DFE67A232D9D02D2004ED145 /* NFGTests */,
			);
			name = NFGTests;
			packageProductDependencies = (
			);
			productName = NFGTests;
			productReference = DFE67A202D9D02D2004ED145 /* NFGTests.xctest */;
			productType = "com.apple.product-type.bundle.unit-test";
		};
		DFE67A292D9D02D2004ED145 /* NFGUITests */ = {
			isa = PBXNativeTarget;
			buildConfigurationList = DFE67A3A2D9D02D2004ED145 /* Build configuration list for PBXNativeTarget "NFGUITests" */;
			buildPhases = (
				DFE67A262D9D02D2004ED145 /* Sources */,
				DFE67A272D9D02D2004ED145 /* Frameworks */,
				DFE67A282D9D02D2004ED145 /* Resources */,
			);
			buildRules = (
			);
			dependencies = (
				DFE67A2C2D9D02D2004ED145 /* PBXTargetDependency */,
			);
			fileSystemSynchronizedGroups = (
				DFE67A2D2D9D02D2004ED145 /* NFGUITests */,
			);
			name = NFGUITests;
			packageProductDependencies = (
			);
			productName = NFGUITests;
			productReference = DFE67A2A2D9D02D2004ED145 /* NFGUITests.xctest */;
			productType = "com.apple.product-type.bundle.ui-testing";
		};
/* End PBXNativeTarget section */

/* Begin PBXProject section */
		DFE67A0B2D9D02D0004ED145 /* Project object */ = {
			isa = PBXProject;
			attributes = {
				BuildIndependentTargetsInParallel = 1;
				LastSwiftUpdateCheck = 1630;
				LastUpgradeCheck = 1630;
				TargetAttributes = {
					DFE67A122D9D02D1004ED145 = {
						CreatedOnToolsVersion = 16.3;
					};
					DFE67A1F2D9D02D2004ED145 = {
						CreatedOnToolsVersion = 16.3;
						TestTargetID = DFE67A122D9D02D1004ED145;
					};
					DFE67A292D9D02D2004ED145 = {
						CreatedOnToolsVersion = 16.3;
						TestTargetID = DFE67A122D9D02D1004ED145;
					};
				};
			};
			buildConfigurationList = DFE67A0E2D9D02D0004ED145 /* Build configuration list for PBXProject "NFG" */;
			developmentRegion = en;
			hasScannedForEncodings = 0;
			knownRegions = (
				en,
				Base,
			);
			mainGroup = DFE67A0A2D9D02D0004ED145;
			minimizedProjectReferenceProxies = 1;
			packageReferences = (
				DF138DB32DAE4D210050E6EA /* XCRemoteSwiftPackageReference "firebase-ios-sdk" */,
			);
			preferredProjectObjectVersion = 77;
			productRefGroup = DFE67A142D9D02D1004ED145 /* Products */;
			projectDirPath = "";
			projectRoot = "";
			targets = (
				DFE67A122D9D02D1004ED145 /* NFG */,
				DFE67A1F2D9D02D2004ED145 /* NFGTests */,
				DFE67A292D9D02D2004ED145 /* NFGUITests */,
			);
		};
/* End PBXProject section */

/* Begin PBXResourcesBuildPhase section */
		DFE67A112D9D02D1004ED145 /* Resources */ = {
			isa = PBXResourcesBuildPhase;
			buildActionMask = 2147483647;
			files = (
			);
			runOnlyForDeploymentPostprocessing = 0;
		};
		DFE67A1E2D9D02D2004ED145 /* Resources */ = {
			isa = PBXResourcesBuildPhase;
			buildActionMask = 2147483647;
			files = (
			);
			runOnlyForDeploymentPostprocessing = 0;
		};
		DFE67A282D9D02D2004ED145 /* Resources */ = {
			isa = PBXResourcesBuildPhase;
			buildActionMask = 2147483647;
			files = (
			);
			runOnlyForDeploymentPostprocessing = 0;
		};
/* End PBXResourcesBuildPhase section */

/* Begin PBXSourcesBuildPhase section */
		DFE67A0F2D9D02D1004ED145 /* Sources */ = {
			isa = PBXSourcesBuildPhase;
			buildActionMask = 2147483647;
			files = (
			);
			runOnlyForDeploymentPostprocessing = 0;
		};
		DFE67A1C2D9D02D2004ED145 /* Sources */ = {
			isa = PBXSourcesBuildPhase;
			buildActionMask = 2147483647;
			files = (
			);
			runOnlyForDeploymentPostprocessing = 0;
		};
		DFE67A262D9D02D2004ED145 /* Sources */ = {
			isa = PBXSourcesBuildPhase;
			buildActionMask = 2147483647;
			files = (
			);
			runOnlyForDeploymentPostprocessing = 0;
		};
/* End PBXSourcesBuildPhase section */

/* Begin PBXTargetDependency section */
		DFE67A222D9D02D2004ED145 /* PBXTargetDependency */ = {
			isa = PBXTargetDependency;
			target = DFE67A122D9D02D1004ED145 /* NFG */;
			targetProxy = DFE67A212D9D02D2004ED145 /* PBXContainerItemProxy */;
		};
		DFE67A2C2D9D02D2004ED145 /* PBXTargetDependency */ = {
			isa = PBXTargetDependency;
			target = DFE67A122D9D02D1004ED145 /* NFG */;
			targetProxy = DFE67A2B2D9D02D2004ED145 /* PBXContainerItemProxy */;
		};
/* End PBXTargetDependency section */

/* Begin XCBuildConfiguration section */
		DFE67A322D9D02D2004ED145 /* Debug */ = {
			isa = XCBuildConfiguration;
			buildSettings = {
				ALWAYS_SEARCH_USER_PATHS = NO;
				ASSETCATALOG_COMPILER_GENERATE_SWIFT_ASSET_SYMBOL_EXTENSIONS = YES;
				CLANG_ANALYZER_NONNULL = YES;
				CLANG_ANALYZER_NUMBER_OBJECT_CONVERSION = YES_AGGRESSIVE;
				CLANG_CXX_LANGUAGE_STANDARD = "gnu++20";
				CLANG_ENABLE_MODULES = YES;
				CLANG_ENABLE_OBJC_ARC = YES;
				CLANG_ENABLE_OBJC_WEAK = YES;
				CLANG_WARN_BLOCK_CAPTURE_AUTORELEASING = YES;
				CLANG_WARN_BOOL_CONVERSION = YES;
				CLANG_WARN_COMMA = YES;
				CLANG_WARN_CONSTANT_CONVERSION = YES;
				CLANG_WARN_DEPRECATED_OBJC_IMPLEMENTATIONS = YES;
				CLANG_WARN_DIRECT_OBJC_ISA_USAGE = YES_ERROR;
				CLANG_WARN_DOCUMENTATION_COMMENTS = YES;
				CLANG_WARN_EMPTY_BODY = YES;
				CLANG_WARN_ENUM_CONVERSION = YES;
				CLANG_WARN_INFINITE_RECURSION = YES;
				CLANG_WARN_INT_CONVERSION = YES;
				CLANG_WARN_NON_LITERAL_NULL_CONVERSION = YES;
				CLANG_WARN_OBJC_IMPLICIT_RETAIN_SELF = YES;
				CLANG_WARN_OBJC_LITERAL_CONVERSION = YES;
				CLANG_WARN_OBJC_ROOT_CLASS = YES_ERROR;
				CLANG_WARN_QUOTED_INCLUDE_IN_FRAMEWORK_HEADER = YES;
				CLANG_WARN_RANGE_LOOP_ANALYSIS = YES;
				CLANG_WARN_STRICT_PROTOTYPES = YES;
				CLANG_WARN_SUSPICIOUS_MOVE = YES;
				CLANG_WARN_UNGUARDED_AVAILABILITY = YES_AGGRESSIVE;
				CLANG_WARN_UNREACHABLE_CODE = YES;
				CLANG_WARN__DUPLICATE_METHOD_MATCH = YES;
				COPY_PHASE_STRIP = NO;
				DEBUG_INFORMATION_FORMAT = dwarf;
				DEVELOPMENT_TEAM = 9659945N5Z;
				ENABLE_STRICT_OBJC_MSGSEND = YES;
				ENABLE_TESTABILITY = YES;
				ENABLE_USER_SCRIPT_SANDBOXING = YES;
				GCC_C_LANGUAGE_STANDARD = gnu17;
				GCC_DYNAMIC_NO_PIC = NO;
				GCC_NO_COMMON_BLOCKS = YES;
				GCC_OPTIMIZATION_LEVEL = 0;
				GCC_PREPROCESSOR_DEFINITIONS = (
					"DEBUG=1",
					"$(inherited)",
				);
				GCC_WARN_64_TO_32_BIT_CONVERSION = YES;
				GCC_WARN_ABOUT_RETURN_TYPE = YES_ERROR;
				GCC_WARN_UNDECLARED_SELECTOR = YES;
				GCC_WARN_UNINITIALIZED_AUTOS = YES_AGGRESSIVE;
				GCC_WARN_UNUSED_FUNCTION = YES;
				GCC_WARN_UNUSED_VARIABLE = YES;
				IPHONEOS_DEPLOYMENT_TARGET = 18.4;
				LOCALIZATION_PREFERS_STRING_CATALOGS = YES;
				MTL_ENABLE_DEBUG_INFO = INCLUDE_SOURCE;
				MTL_FAST_MATH = YES;
				ONLY_ACTIVE_ARCH = YES;
				SDKROOT = iphoneos;
				SWIFT_ACTIVE_COMPILATION_CONDITIONS = "DEBUG $(inherited)";
				SWIFT_OPTIMIZATION_LEVEL = "-Onone";
			};
			name = Debug;
		};
		DFE67A332D9D02D2004ED145 /* Release */ = {
			isa = XCBuildConfiguration;
			buildSettings = {
				ALWAYS_SEARCH_USER_PATHS = NO;
				ASSETCATALOG_COMPILER_GENERATE_SWIFT_ASSET_SYMBOL_EXTENSIONS = YES;
				CLANG_ANALYZER_NONNULL = YES;
				CLANG_ANALYZER_NUMBER_OBJECT_CONVERSION = YES_AGGRESSIVE;
				CLANG_CXX_LANGUAGE_STANDARD = "gnu++20";
				CLANG_ENABLE_MODULES = YES;
				CLANG_ENABLE_OBJC_ARC = YES;
				CLANG_ENABLE_OBJC_WEAK = YES;
				CLANG_WARN_BLOCK_CAPTURE_AUTORELEASING = YES;
				CLANG_WARN_BOOL_CONVERSION = YES;
				CLANG_WARN_COMMA = YES;
				CLANG_WARN_CONSTANT_CONVERSION = YES;
				CLANG_WARN_DEPRECATED_OBJC_IMPLEMENTATIONS = YES;
				CLANG_WARN_DIRECT_OBJC_ISA_USAGE = YES_ERROR;
				CLANG_WARN_DOCUMENTATION_COMMENTS = YES;
				CLANG_WARN_EMPTY_BODY = YES;
				CLANG_WARN_ENUM_CONVERSION = YES;
				CLANG_WARN_INFINITE_RECURSION = YES;
				CLANG_WARN_INT_CONVERSION = YES;
				CLANG_WARN_NON_LITERAL_NULL_CONVERSION = YES;
				CLANG_WARN_OBJC_IMPLICIT_RETAIN_SELF = YES;
				CLANG_WARN_OBJC_LITERAL_CONVERSION = YES;
				CLANG_WARN_OBJC_ROOT_CLASS = YES_ERROR;
				CLANG_WARN_QUOTED_INCLUDE_IN_FRAMEWORK_HEADER = YES;
				CLANG_WARN_RANGE_LOOP_ANALYSIS = YES;
				CLANG_WARN_STRICT_PROTOTYPES = YES;
				CLANG_WARN_SUSPICIOUS_MOVE = YES;
				CLANG_WARN_UNGUARDED_AVAILABILITY = YES_AGGRESSIVE;
				CLANG_WARN_UNREACHABLE_CODE = YES;
				CLANG_WARN__DUPLICATE_METHOD_MATCH = YES;
				COPY_PHASE_STRIP = NO;
				DEBUG_INFORMATION_FORMAT = "dwarf-with-dsym";
				DEVELOPMENT_TEAM = 9659945N5Z;
				ENABLE_NS_ASSERTIONS = NO;
				ENABLE_STRICT_OBJC_MSGSEND = YES;
				ENABLE_USER_SCRIPT_SANDBOXING = YES;
				GCC_C_LANGUAGE_STANDARD = gnu17;
				GCC_NO_COMMON_BLOCKS = YES;
				GCC_WARN_64_TO_32_BIT_CONVERSION = YES;
				GCC_WARN_ABOUT_RETURN_TYPE = YES_ERROR;
				GCC_WARN_UNDECLARED_SELECTOR = YES;
				GCC_WARN_UNINITIALIZED_AUTOS = YES_AGGRESSIVE;
				GCC_WARN_UNUSED_FUNCTION = YES;
				GCC_WARN_UNUSED_VARIABLE = YES;
				IPHONEOS_DEPLOYMENT_TARGET = 18.4;
				LOCALIZATION_PREFERS_STRING_CATALOGS = YES;
				MTL_ENABLE_DEBUG_INFO = NO;
				MTL_FAST_MATH = YES;
				SDKROOT = iphoneos;
				SWIFT_COMPILATION_MODE = wholemodule;
				VALIDATE_PRODUCT = YES;
			};
			name = Release;
		};
		DFE67A352D9D02D2004ED145 /* Debug */ = {
			isa = XCBuildConfiguration;
			buildSettings = {
				ASSETCATALOG_COMPILER_APPICON_NAME = AppIcon;
				ASSETCATALOG_COMPILER_GLOBAL_ACCENT_COLOR_NAME = AccentColor;
				CODE_SIGN_STYLE = Automatic;
				CURRENT_PROJECT_VERSION = 1;
				DEVELOPMENT_TEAM = 9659945N5Z;
				ENABLE_PREVIEWS = YES;
				GENERATE_INFOPLIST_FILE = YES;
				INFOPLIST_KEY_UIApplicationSceneManifest_Generation = YES;
				INFOPLIST_KEY_UIApplicationSupportsIndirectInputEvents = YES;
				INFOPLIST_KEY_UILaunchScreen_Generation = YES;
				INFOPLIST_KEY_UISupportedInterfaceOrientations_iPad = "UIInterfaceOrientationPortrait UIInterfaceOrientationPortraitUpsideDown UIInterfaceOrientationLandscapeLeft UIInterfaceOrientationLandscapeRight";
				INFOPLIST_KEY_UISupportedInterfaceOrientations_iPhone = "UIInterfaceOrientationPortrait UIInterfaceOrientationLandscapeLeft UIInterfaceOrientationLandscapeRight";
				IPHONEOS_DEPLOYMENT_TARGET = 18.0;
				LD_RUNPATH_SEARCH_PATHS = (
					"$(inherited)",
					"@executable_path/Frameworks",
				);
				MARKETING_VERSION = 1.0;
				PRODUCT_BUNDLE_IDENTIFIER = com.NFG.NFG;
				PRODUCT_NAME = "$(TARGET_NAME)";
				SUPPORTED_PLATFORMS = "iphoneos iphonesimulator";
				SUPPORTS_MACCATALYST = NO;
				SUPPORTS_MAC_DESIGNED_FOR_IPHONE_IPAD = NO;
				SUPPORTS_XR_DESIGNED_FOR_IPHONE_IPAD = NO;
				SWIFT_EMIT_LOC_STRINGS = YES;
				SWIFT_VERSION = 5.0;
				TARGETED_DEVICE_FAMILY = "1,2";
			};
			name = Debug;
		};
		DFE67A362D9D02D2004ED145 /* Release */ = {
			isa = XCBuildConfiguration;
			buildSettings = {
				ASSETCATALOG_COMPILER_APPICON_NAME = AppIcon;
				ASSETCATALOG_COMPILER_GLOBAL_ACCENT_COLOR_NAME = AccentColor;
				CODE_SIGN_STYLE = Automatic;
				CURRENT_PROJECT_VERSION = 1;
				DEVELOPMENT_TEAM = 9659945N5Z;
				ENABLE_PREVIEWS = YES;
				GENERATE_INFOPLIST_FILE = YES;
				INFOPLIST_KEY_UIApplicationSceneManifest_Generation = YES;
				INFOPLIST_KEY_UIApplicationSupportsIndirectInputEvents = YES;
				INFOPLIST_KEY_UILaunchScreen_Generation = YES;
				INFOPLIST_KEY_UISupportedInterfaceOrientations_iPad = "UIInterfaceOrientationPortrait UIInterfaceOrientationPortraitUpsideDown UIInterfaceOrientationLandscapeLeft UIInterfaceOrientationLandscapeRight";
				INFOPLIST_KEY_UISupportedInterfaceOrientations_iPhone = "UIInterfaceOrientationPortrait UIInterfaceOrientationLandscapeLeft UIInterfaceOrientationLandscapeRight";
				IPHONEOS_DEPLOYMENT_TARGET = 18.0;
				LD_RUNPATH_SEARCH_PATHS = (
					"$(inherited)",
					"@executable_path/Frameworks",
				);
				MARKETING_VERSION = 1.0;
				PRODUCT_BUNDLE_IDENTIFIER = com.NFG.NFG;
				PRODUCT_NAME = "$(TARGET_NAME)";
				SUPPORTED_PLATFORMS = "iphoneos iphonesimulator";
				SUPPORTS_MACCATALYST = NO;
				SUPPORTS_MAC_DESIGNED_FOR_IPHONE_IPAD = NO;
				SUPPORTS_XR_DESIGNED_FOR_IPHONE_IPAD = NO;
				SWIFT_EMIT_LOC_STRINGS = YES;
				SWIFT_VERSION = 5.0;
				TARGETED_DEVICE_FAMILY = "1,2";
			};
			name = Release;
		};
		DFE67A382D9D02D2004ED145 /* Debug */ = {
			isa = XCBuildConfiguration;
			buildSettings = {
				BUNDLE_LOADER = "$(TEST_HOST)";
				CODE_SIGN_STYLE = Automatic;
				CURRENT_PROJECT_VERSION = 1;
				DEVELOPMENT_TEAM = 9659945N5Z;
				GENERATE_INFOPLIST_FILE = YES;
				IPHONEOS_DEPLOYMENT_TARGET = 18.4;
				MARKETING_VERSION = 1.0;
				PRODUCT_BUNDLE_IDENTIFIER = com.NFG.NFGTests;
				PRODUCT_NAME = "$(TARGET_NAME)";
				SWIFT_EMIT_LOC_STRINGS = NO;
				SWIFT_VERSION = 5.0;
				TARGETED_DEVICE_FAMILY = "1,2";
				TEST_HOST = "$(BUILT_PRODUCTS_DIR)/NFG.app/$(BUNDLE_EXECUTABLE_FOLDER_PATH)/NFG";
			};
			name = Debug;
		};
		DFE67A392D9D02D2004ED145 /* Release */ = {
			isa = XCBuildConfiguration;
			buildSettings = {
				BUNDLE_LOADER = "$(TEST_HOST)";
				CODE_SIGN_STYLE = Automatic;
				CURRENT_PROJECT_VERSION = 1;
				DEVELOPMENT_TEAM = 9659945N5Z;
				GENERATE_INFOPLIST_FILE = YES;
				IPHONEOS_DEPLOYMENT_TARGET = 18.4;
				MARKETING_VERSION = 1.0;
				PRODUCT_BUNDLE_IDENTIFIER = com.NFG.NFGTests;
				PRODUCT_NAME = "$(TARGET_NAME)";
				SWIFT_EMIT_LOC_STRINGS = NO;
				SWIFT_VERSION = 5.0;
				TARGETED_DEVICE_FAMILY = "1,2";
				TEST_HOST = "$(BUILT_PRODUCTS_DIR)/NFG.app/$(BUNDLE_EXECUTABLE_FOLDER_PATH)/NFG";
			};
			name = Release;
		};
		DFE67A3B2D9D02D2004ED145 /* Debug */ = {
			isa = XCBuildConfiguration;
			buildSettings = {
				CODE_SIGN_STYLE = Automatic;
				CURRENT_PROJECT_VERSION = 1;
				DEVELOPMENT_TEAM = 9659945N5Z;
				GENERATE_INFOPLIST_FILE = YES;
				MARKETING_VERSION = 1.0;
				PRODUCT_BUNDLE_IDENTIFIER = com.NFG.NFGUITests;
				PRODUCT_NAME = "$(TARGET_NAME)";
				SWIFT_EMIT_LOC_STRINGS = NO;
				SWIFT_VERSION = 5.0;
				TARGETED_DEVICE_FAMILY = "1,2";
				TEST_TARGET_NAME = NFG;
			};
			name = Debug;
		};
		DFE67A3C2D9D02D2004ED145 /* Release */ = {
			isa = XCBuildConfiguration;
			buildSettings = {
				CODE_SIGN_STYLE = Automatic;
				CURRENT_PROJECT_VERSION = 1;
				DEVELOPMENT_TEAM = 9659945N5Z;
				GENERATE_INFOPLIST_FILE = YES;
				MARKETING_VERSION = 1.0;
				PRODUCT_BUNDLE_IDENTIFIER = com.NFG.NFGUITests;
				PRODUCT_NAME = "$(TARGET_NAME)";
				SWIFT_EMIT_LOC_STRINGS = NO;
				SWIFT_VERSION = 5.0;
				TARGETED_DEVICE_FAMILY = "1,2";
				TEST_TARGET_NAME = NFG;
			};
			name = Release;
		};
/* End XCBuildConfiguration section */

/* Begin XCConfigurationList section */
		DFE67A0E2D9D02D0004ED145 /* Build configuration list for PBXProject "NFG" */ = {
			isa = XCConfigurationList;
			buildConfigurations = (
				DFE67A322D9D02D2004ED145 /* Debug */,
				DFE67A332D9D02D2004ED145 /* Release */,
			);
			defaultConfigurationIsVisible = 0;
			defaultConfigurationName = Release;
		};
		DFE67A342D9D02D2004ED145 /* Build configuration list for PBXNativeTarget "NFG" */ = {
			isa = XCConfigurationList;
			buildConfigurations = (
				DFE67A352D9D02D2004ED145 /* Debug */,
				DFE67A362D9D02D2004ED145 /* Release */,
			);
			defaultConfigurationIsVisible = 0;
			defaultConfigurationName = Release;
		};
		DFE67A372D9D02D2004ED145 /* Build configuration list for PBXNativeTarget "NFGTests" */ = {
			isa = XCConfigurationList;
			buildConfigurations = (
				DFE67A382D9D02D2004ED145 /* Debug */,
				DFE67A392D9D02D2004ED145 /* Release */,
			);
			defaultConfigurationIsVisible = 0;
			defaultConfigurationName = Release;
		};
		DFE67A3A2D9D02D2004ED145 /* Build configuration list for PBXNativeTarget "NFGUITests" */ = {
			isa = XCConfigurationList;
			buildConfigurations = (
				DFE67A3B2D9D02D2004ED145 /* Debug */,
				DFE67A3C2D9D02D2004ED145 /* Release */,
			);
			defaultConfigurationIsVisible = 0;
			defaultConfigurationName = Release;
		};
/* End XCConfigurationList section */

/* Begin XCRemoteSwiftPackageReference section */
		DF138DB32DAE4D210050E6EA /* XCRemoteSwiftPackageReference "firebase-ios-sdk" */ = {
			isa = XCRemoteSwiftPackageReference;
			repositoryURL = "https://github.com/firebase/firebase-ios-sdk";
			requirement = {
				kind = upToNextMajorVersion;
				minimumVersion = 11.11.0;
			};
		};
/* End XCRemoteSwiftPackageReference section */

/* Begin XCSwiftPackageProductDependency section */
		DF138DB42DAE4D210050E6EA /* FirebaseAnalytics */ = {
			isa = XCSwiftPackageProductDependency;
			package = DF138DB32DAE4D210050E6EA /* XCRemoteSwiftPackageReference "firebase-ios-sdk" */;
			productName = FirebaseAnalytics;
		};
		DF138DB62DAE4D210050E6EA /* FirebaseAuth */ = {
			isa = XCSwiftPackageProductDependency;
			package = DF138DB32DAE4D210050E6EA /* XCRemoteSwiftPackageReference "firebase-ios-sdk" */;
			productName = FirebaseAuth;
		};
		DF138DB82DAE4D210050E6EA /* FirebaseCore */ = {
			isa = XCSwiftPackageProductDependency;
			package = DF138DB32DAE4D210050E6EA /* XCRemoteSwiftPackageReference "firebase-ios-sdk" */;
			productName = FirebaseCore;
		};
		DF138DBA2DAE4D210050E6EA /* FirebaseCrashlytics */ = {
			isa = XCSwiftPackageProductDependency;
			package = DF138DB32DAE4D210050E6EA /* XCRemoteSwiftPackageReference "firebase-ios-sdk" */;
			productName = FirebaseCrashlytics;
		};
		DF138DBC2DAE4D210050E6EA /* FirebaseFirestore */ = {
			isa = XCSwiftPackageProductDependency;
			package = DF138DB32DAE4D210050E6EA /* XCRemoteSwiftPackageReference "firebase-ios-sdk" */;
			productName = FirebaseFirestore;
		};
		DF138DBE2DAE4D210050E6EA /* FirebaseMessaging */ = {
			isa = XCSwiftPackageProductDependency;
			package = DF138DB32DAE4D210050E6EA /* XCRemoteSwiftPackageReference "firebase-ios-sdk" */;
			productName = FirebaseMessaging;
		};
		DF138DC02DAE4D210050E6EA /* FirebaseStorage */ = {
			isa = XCSwiftPackageProductDependency;
			package = DF138DB32DAE4D210050E6EA /* XCRemoteSwiftPackageReference "firebase-ios-sdk" */;
			productName = FirebaseStorage;
		};
/* End XCSwiftPackageProductDependency section */
	};
	rootObject = DFE67A0B2D9D02D0004ED145 /* Project object */;
}
